{
  "name": "multi-file-swagger",
  "version": "2.2.0",
  "lockfileVersion": 1,
  "requires": true,
  "dependencies": {
    "argparse": {
      "version": "1.0.10",
      "resolved": "http://npm.groupondev.com:80/api/npm/npm-release/argparse/-/argparse-1.0.10.tgz",
      "integrity": "sha1-vNZ5HqWuCXJeF+WtmIE0zUCz2RE=",
      "requires": {
        "sprintf-js": "~1.0.2"
      }
    },
    "asynckit": {
      "version": "0.4.0",
      "resolved": "http://npm.groupondev.com:80/api/npm/npm-release/asynckit/-/asynckit-0.4.0.tgz",
      "integrity": "sha1-x57Zf380y48robyXkLzDZkdLS3k="
    },
    "combined-stream": {
      "version": "1.0.7",
      "resolved": "http://npm.groupondev.com:80/api/npm/npm-release/combined-stream/-/combined-stream-1.0.7.tgz",
      "integrity": "sha1-LR0kMXr7ir6V1tLAsHtXgTU52Cg=",
      "requires": {
        "delayed-stream": "~1.0.0"
      }
    },
    "commander": {
      "version": "2.19.0",
      "resolved": "http://npm.groupondev.com:80/api/npm/npm-release/commander/-/commander-2.19.0.tgz",
      "integrity": "sha1-9hmKqE5bg8RgVLlN3tv+1e6f8So="
    },
    "component-emitter": {
      "version": "1.2.1",
      "resolved": "http://npm.groupondev.com:80/api/npm/npm-release/component-emitter/-/component-emitter-1.2.1.tgz",
      "integrity": "sha1-E3kY1teCg/ffemt8WmPhQOaUJeY="
    },
    "cookiejar": {
      "version": "2.1.2",
      "resolved": "http://npm.groupondev.com:80/api/npm/npm-release/cookiejar/-/cookiejar-2.1.2.tgz",
      "integrity": "sha1-3YojVTB1L5iPmghE8/xYnjERElw="
    },
    "core-util-is": {
      "version": "1.0.2",
      "resolved": "http://npm.groupondev.com:80/api/npm/npm-release/core-util-is/-/core-util-is-1.0.2.tgz",
      "integrity": "sha1-tf1UIgqivFq1eqtxQMlAdUUDwac="
    },
    "debug": {
      "version": "3.2.6",
      "resolved": "http://npm.groupondev.com:80/api/npm/npm-release/debug/-/debug-3.2.6.tgz",
      "integrity": "sha1-6D0X3hbYp++3cX7b5fsQE17uYps=",
      "requires": {
        "ms": "^2.1.1"
      }
    },
    "delayed-stream": {
      "version": "1.0.0",
      "resolved": "http://npm.groupondev.com:80/api/npm/npm-release/delayed-stream/-/delayed-stream-1.0.0.tgz",
      "integrity": "sha1-3zrhmayt+31ECqrgsp4icrJOxhk="
    },
    "esprima": {
      "version": "4.0.1",
      "resolved": "http://npm.groupondev.com:80/api/npm/npm-release/esprima/-/esprima-4.0.1.tgz",
      "integrity": "sha1-E7BM2z5sXRnfkatph6hpVhmwqnE="
    },
    "extend": {
      "version": "3.0.2",
      "resolved": "http://npm.groupondev.com:80/api/npm/npm-release/extend/-/extend-3.0.2.tgz",
      "integrity": "sha1-+LETa0Bx+9jrFAr/hYsQGewpFfo="
    },
    "form-data": {
      "version": "2.3.3",
      "resolved": "http://npm.groupondev.com:80/api/npm/npm-release/form-data/-/form-data-2.3.3.tgz",
      "integrity": "sha1-3M5SwF9kTymManq5Nr1yTO/786Y=",
      "requires": {
        "asynckit": "^0.4.0",
        "combined-stream": "^1.0.6",
        "mime-types": "^2.1.12"
      }
    },
    "formidable": {
      "version": "1.2.1",
      "resolved": "http://npm.groupondev.com:80/api/npm/npm-release/formidable/-/formidable-1.2.1.tgz",
      "integrity": "sha1-cPt8oCkO5v+WEJBBX0s989IIJlk="
    },
    "graphlib": {
      "version": "2.1.5",
      "resolved": "http://npm.groupondev.com:80/api/npm/npm-release/graphlib/-/graphlib-2.1.5.tgz",
      "integrity": "sha1-av4a/MUUhVXseZ5JkFZ5W9aTjIc=",
      "requires": {
        "lodash": "^4.11.1"
      }
    },
    "inherits": {
      "version": "2.0.3",
      "resolved": "http://npm.groupondev.com:80/api/npm/npm-release/inherits/-/inherits-2.0.3.tgz",
      "integrity": "sha1-Yzwsg+PaQqUC9SRmAiSA9CCCYd4="
    },
    "isarray": {
      "version": "1.0.0",
      "resolved": "http://npm.groupondev.com:80/api/npm/npm-release/isarray/-/isarray-1.0.0.tgz",
      "integrity": "sha1-u5NdSFgsuhaMBoNJV6VKPgcSTxE="
    },
    "js-yaml": {
      "version": "3.12.0",
      "resolved": "http://npm.groupondev.com:80/api/npm/npm-release/js-yaml/-/js-yaml-3.12.0.tgz",
      "integrity": "sha1-6u1lbsg0TxD1J8a/obbiJE3hZ9E=",
      "requires": {
        "argparse": "^1.0.7",
        "esprima": "^4.0.0"
      }
    },
    "json-refs": {
      "version": "2.1.7",
      "resolved": "http://npm.groupondev.com:80/api/npm/npm-release/json-refs/-/json-refs-2.1.7.tgz",
      "integrity": "sha1-uesB/in16j6Sh48VrqEK04taz4k=",
      "requires": {
        "commander": "^2.9.0",
        "graphlib": "^2.1.1",
        "js-yaml": "^3.8.3",
        "native-promise-only": "^0.8.1",
        "path-loader": "^1.0.2",
        "slash": "^1.0.0",
        "uri-js": "^3.0.2"
      }
    },
    "lodash": {
      "version": "4.17.11",
      "resolved": "http://npm.groupondev.com:80/api/npm/npm-release/lodash/-/lodash-4.17.11.tgz",
      "integrity": "sha1-s56mIp72B+zYniyN8SU2iRysm40="
    },
    "methods": {
      "version": "1.1.2",
      "resolved": "http://npm.groupondev.com:80/api/npm/npm-release/methods/-/methods-1.1.2.tgz",
      "integrity": "sha1-VSmk1nZUE07cxSZmVoNbD4Ua/O4="
    },
    "mime": {
      "version": "1.6.0",
      "resolved": "http://npm.groupondev.com:80/api/npm/npm-release/mime/-/mime-1.6.0.tgz",
      "integrity": "sha1-Ms2eXGRVO9WNGaVor0Uqz/BJgbE="
    },
    "mime-db": {
      "version": "1.37.0",
      "resolved": "http://npm.groupondev.com:80/api/npm/npm-release/mime-db/-/mime-db-1.37.0.tgz",
      "integrity": "sha1-C2oM5v2+lXbiXx8tL96IMNwK0Ng="
    },
    "mime-types": {
      "version": "2.1.21",
      "resolved": "http://npm.groupondev.com:80/api/npm/npm-release/mime-types/-/mime-types-2.1.21.tgz",
      "integrity": "sha1-KJlaoey3cHQv5q5+WPkYHHRLP5Y=",
      "requires": {
        "mime-db": "~1.37.0"
      }
    },
    "ms": {
      "version": "2.1.1",
      "resolved": "http://npm.groupondev.com:80/api/npm/npm-release/ms/-/ms-2.1.1.tgz",
      "integrity": "sha1-MKWGTrPrsKZvLr5tcnrwagnYbgo="
    },
    "native-promise-only": {
      "version": "0.8.1",
      "resolved": "http://npm.groupondev.com:80/api/npm/npm-release/native-promise-only/-/native-promise-only-0.8.1.tgz",
      "integrity": "sha1-IKMYwwy0X3H+et+/eyHJnBRy7xE="
    },
    "path-loader": {
      "version": "1.0.9",
      "resolved": "http://npm.groupondev.com:80/api/npm/npm-release/path-loader/-/path-loader-1.0.9.tgz",
      "integrity": "sha1-TyBK2hpHfbKlcvzjggKcPyTcUjc=",
      "requires": {
        "native-promise-only": "^0.8.1",
        "superagent": "^3.8.3"
      }
    },
    "process-nextick-args": {
      "version": "2.0.0",
      "resolved": "http://npm.groupondev.com:80/api/npm/npm-release/process-nextick-args/-/process-nextick-args-2.0.0.tgz",
      "integrity": "sha1-o31zL0JxtKsa0HDTVQjoKQeI/6o="
    },
    "punycode": {
      "version": "2.1.1",
      "resolved": "http://npm.groupondev.com:80/api/npm/npm-release/punycode/-/punycode-2.1.1.tgz",
      "integrity": "sha1-tYsBCsQMIsVldhbI0sLALHv0eew="
    },
    "qs": {
      "version": "6.6.0",
      "resolved": "http://npm.groupondev.com:80/api/npm/npm-release/qs/-/qs-6.6.0.tgz",
      "integrity": "sha1-qZwPaajSa/fvAS+HHNq7Cu5EJMI="
    },
    "readable-stream": {
      "version": "2.3.6",
      "resolved": "http://npm.groupondev.com:80/api/npm/npm-release/readable-stream/-/readable-stream-2.3.6.tgz",
      "integrity": "sha1-sRwn2IuP8fvgcGQ8+UsMea4bCq8=",
      "requires": {
        "core-util-is": "~1.0.0",
        "inherits": "~2.0.3",
        "isarray": "~1.0.0",
        "process-nextick-args": "~2.0.0",
        "safe-buffer": "~5.1.1",
        "string_decoder": "~1.1.1",
        "util-deprecate": "~1.0.1"
      }
    },
    "safe-buffer": {
      "version": "5.1.2",
      "resolved": "http://npm.groupondev.com:80/api/npm/npm-release/safe-buffer/-/safe-buffer-5.1.2.tgz",
      "integrity": "sha1-mR7GnSluAxN0fVm9/St0XDX4go0="
    },
    "slash": {
      "version": "1.0.0",
      "resolved": "http://npm.groupondev.com:80/api/npm/npm-release/slash/-/slash-1.0.0.tgz",
      "integrity": "sha1-xB8vbDn8FtHNF61LXYlhFK5HDVU="
    },
    "sprintf-js": {
      "version": "1.0.3",
      "resolved": "http://npm.groupondev.com:80/api/npm/npm-release/sprintf-js/-/sprintf-js-1.0.3.tgz",
      "integrity": "sha1-BOaSb2YolTVPPdAVIDYzuFcpfiw="
    },
    "string_decoder": {
      "version": "1.1.1",
      "resolved": "http://npm.groupondev.com:80/api/npm/npm-release/string_decoder/-/string_decoder-1.1.1.tgz",
      "integrity": "sha1-nPFhG6YmhdcDCunkujQUnDrwP8g=",
      "requires": {
        "safe-buffer": "~5.1.0"
      }
    },
    "superagent": {
      "version": "3.8.3",
      "resolved": "http://npm.groupondev.com:80/api/npm/npm-release/superagent/-/superagent-3.8.3.tgz",
      "integrity": "sha1-Rg6g29t9WxG8T3jeulZfhqF44Sg=",
      "requires": {
        "component-emitter": "^1.2.0",
        "cookiejar": "^2.1.0",
        "debug": "^3.1.0",
        "extend": "^3.0.0",
        "form-data": "^2.3.1",
        "formidable": "^1.2.0",
        "methods": "^1.1.1",
        "mime": "^1.4.1",
        "qs": "^6.5.1",
        "readable-stream": "^2.3.5"
      }
    },
    "uri-js": {
      "version": "3.0.2",
      "resolved": "http://npm.groupondev.com:80/api/npm/npm-release/uri-js/-/uri-js-3.0.2.tgz",
      "integrity": "sha1-+QuFhQf4HepNz7s8TD2/orVX+qo=",
      "requires": {
        "punycode": "^2.1.0"
      }
    },
    "util-deprecate": {
      "version": "1.0.2",
      "resolved": "http://npm.groupondev.com:80/api/npm/npm-release/util-deprecate/-/util-deprecate-1.0.2.tgz",
      "integrity": "sha1-RQ1Nyfpw3nMnYvvS1KKJgUGaDM8="
    }
  }
}
